
Microsoft Visual Studio Solution File, Format Version 12.00
# Visual Studio Version 16
VisualStudioVersion = 16.0.31624.102
MinimumVisualStudioVersion = 10.0.40219.1
Project("{FAE04EC0-301F-11D3-BF4B-00C04F79EFBC}") = "Dent", "Dent.csproj", "{7DFB4460-F095-450C-8CE4-82CD8AE80244}"
EndProject
Global
	GlobalSection(SolutionConfigurationPlatforms) = preSolution
		Debug|Any CPU = Debug|Any CPU
		Release|Any CPU = Release|Any CPU
	EndGlobalSection
	GlobalSection(ProjectConfigurationPlatforms) = postSolution
		{7DFB4460-F095-450C-8CE4-82CD8AE80244}.Debug|Any CPU.ActiveCfg = Debug|Any CPU
		{7DFB4460-F095-450C-8CE4-82CD8AE80244}.Debug|Any CPU.Build.0 = Debug|Any CPU
		{7DFB4460-F095-450C-8CE4-82CD8AE80244}.Release|Any CPU.ActiveCfg = Release|Any CPU
		{7DFB4460-F095-450C-8CE4-82CD8AE80244}.Release|Any CPU.Build.0 = Release|Any CPU
	EndGlobalSection
	GlobalSection(SolutionProperties) = preSolution
		HideSolutionNode = FALSE
	EndGlobalSection
	GlobalSection(ExtensibilityGlobals) = postSolution
		SolutionGuid = {7EF97E01-8D52-488B-BE83-AB590D31C770}
	EndGlobalSection
EndGlobal
